
Microsoft Visual Studio Solution File, Format Version 12.00
# Visual Studio Version 16
VisualStudioVersion = 16.0.29519.181
MinimumVisualStudioVersion = 10.0.40219.1
Project("{FAE04EC0-301F-11D3-BF4B-00C04F79EFBC}") = "Сортировка Расческой", "Сортировка Расческой\Сортировка Расческой.csproj", "{B852B88A-F6AF-450B-B7D0-A0ECFBE157B9}"
EndProject
Global
	GlobalSection(SolutionConfigurationPlatforms) = preSolution
		Debug|Any CPU = Debug|Any CPU
		Release|Any CPU = Release|Any CPU
	EndGlobalSection
	GlobalSection(ProjectConfigurationPlatforms) = postSolution
		{B852B88A-F6AF-450B-B7D0-A0ECFBE157B9}.Debug|Any CPU.ActiveCfg = Debug|Any CPU
		{B852B88A-F6AF-450B-B7D0-A0ECFBE157B9}.Debug|Any CPU.Build.0 = Debug|Any CPU
		{B852B88A-F6AF-450B-B7D0-A0ECFBE157B9}.Release|Any CPU.ActiveCfg = Release|Any CPU
		{B852B88A-F6AF-450B-B7D0-A0ECFBE157B9}.Release|Any CPU.Build.0 = Release|Any CPU
	EndGlobalSection
	GlobalSection(SolutionProperties) = preSolution
		HideSolutionNode = FALSE
	EndGlobalSection
	GlobalSection(ExtensibilityGlobals) = postSolution
		SolutionGuid = {DA3F86B7-4CAF-42D4-97AD-027665C81E2D}
	EndGlobalSection
EndGlobal
